# THIS IS AN AUTOGENERATED FILE. DO NOT EDIT THIS FILE DIRECTLY.
# yarn lockfile v1


"@pipium/node-connect@0.0.1-alpha.8":
  version "0.0.1-alpha.8"
  resolved "https://registry.yarnpkg.com/@pipium/node-connect/-/node-connect-0.0.1-alpha.8.tgz#c1c4cbdd8d010c14e0f338b31ae3e54e6d467952"
  integrity sha512-HliWCcYwBC4kwJLjx+PXumPN+eQrm9RDWss7jQNV4egnpIo5BQccqsyKPZnzj2982RPtrmk52aePQVHFHXbErA==
